
Microsoft Visual Studio Solution File, Format Version 12.00
# Visual Studio Version 17
VisualStudioVersion = 17.7.34009.444
MinimumVisualStudioVersion = 10.0.40219.1
Project("{FAE04EC0-301F-11D3-BF4B-00C04F79EFBC}") = "JosephGamboaEF_Apphone_2023.Android", "JosephGamboaEF_Apphone_2023\JosephGamboaEF_Apphone_2023.Android\JosephGamboaEF_Apphone_2023.Android.csproj", "{48343659-372B-4D7E-9B56-DA77EF06FE53}"
EndProject
Project("{FAE04EC0-301F-11D3-BF4B-00C04F79EFBC}") = "JosephGamboaEF_Apphone_2023.iOS", "JosephGamboaEF_Apphone_2023\JosephGamboaEF_Apphone_2023.iOS\JosephGamboaEF_Apphone_2023.iOS.csproj", "{BE40AC06-78D7-4B5E-9F6E-6F74D9291091}"
EndProject
Project("{FAE04EC0-301F-11D3-BF4B-00C04F79EFBC}") = "JosephGamboaEF_Apphone_2023", "JosephGamboaEF_Apphone_2023\JosephGamboaEF_Apphone_2023\JosephGamboaEF_Apphone_2023.csproj", "{EF710D45-4FBF-4222-B62C-E8192DD7CE7D}"
EndProject
Global
	GlobalSection(SolutionConfigurationPlatforms) = preSolution
		Debug|Any CPU = Debug|Any CPU
		Debug|iPhone = Debug|iPhone
		Debug|iPhoneSimulator = Debug|iPhoneSimulator
		Release|Any CPU = Release|Any CPU
		Release|iPhone = Release|iPhone
		Release|iPhoneSimulator = Release|iPhoneSimulator
	EndGlobalSection
	GlobalSection(ProjectConfigurationPlatforms) = postSolution
		{48343659-372B-4D7E-9B56-DA77EF06FE53}.Debug|Any CPU.ActiveCfg = Debug|Any CPU
		{48343659-372B-4D7E-9B56-DA77EF06FE53}.Debug|Any CPU.Build.0 = Debug|Any CPU
		{48343659-372B-4D7E-9B56-DA77EF06FE53}.Debug|Any CPU.Deploy.0 = Debug|Any CPU
		{48343659-372B-4D7E-9B56-DA77EF06FE53}.Debug|iPhone.ActiveCfg = Debug|Any CPU
		{48343659-372B-4D7E-9B56-DA77EF06FE53}.Debug|iPhone.Build.0 = Debug|Any CPU
		{48343659-372B-4D7E-9B56-DA77EF06FE53}.Debug|iPhone.Deploy.0 = Debug|Any CPU
		{48343659-372B-4D7E-9B56-DA77EF06FE53}.Debug|iPhoneSimulator.ActiveCfg = Debug|Any CPU
		{48343659-372B-4D7E-9B56-DA77EF06FE53}.Debug|iPhoneSimulator.Build.0 = Debug|Any CPU
		{48343659-372B-4D7E-9B56-DA77EF06FE53}.Debug|iPhoneSimulator.Deploy.0 = Debug|Any CPU
		{48343659-372B-4D7E-9B56-DA77EF06FE53}.Release|Any CPU.ActiveCfg = Release|Any CPU
		{48343659-372B-4D7E-9B56-DA77EF06FE53}.Release|Any CPU.Build.0 = Release|Any CPU
		{48343659-372B-4D7E-9B56-DA77EF06FE53}.Release|Any CPU.Deploy.0 = Release|Any CPU
		{48343659-372B-4D7E-9B56-DA77EF06FE53}.Release|iPhone.ActiveCfg = Release|Any CPU
		{48343659-372B-4D7E-9B56-DA77EF06FE53}.Release|iPhone.Build.0 = Release|Any CPU
		{48343659-372B-4D7E-9B56-DA77EF06FE53}.Release|iPhone.Deploy.0 = Release|Any CPU
		{48343659-372B-4D7E-9B56-DA77EF06FE53}.Release|iPhoneSimulator.ActiveCfg = Release|Any CPU
		{48343659-372B-4D7E-9B56-DA77EF06FE53}.Release|iPhoneSimulator.Build.0 = Release|Any CPU
		{48343659-372B-4D7E-9B56-DA77EF06FE53}.Release|iPhoneSimulator.Deploy.0 = Release|Any CPU
		{BE40AC06-78D7-4B5E-9F6E-6F74D9291091}.Debug|Any CPU.ActiveCfg = Debug|iPhone
		{BE40AC06-78D7-4B5E-9F6E-6F74D9291091}.Debug|Any CPU.Build.0 = Debug|iPhone
		{BE40AC06-78D7-4B5E-9F6E-6F74D9291091}.Debug|Any CPU.Deploy.0 = Debug|iPhone
		{BE40AC06-78D7-4B5E-9F6E-6F74D9291091}.Debug|iPhone.ActiveCfg = Debug|iPhone
		{BE40AC06-78D7-4B5E-9F6E-6F74D9291091}.Debug|iPhone.Build.0 = Debug|iPhone
		{BE40AC06-78D7-4B5E-9F6E-6F74D9291091}.Debug|iPhone.Deploy.0 = Debug|iPhone
		{BE40AC06-78D7-4B5E-9F6E-6F74D9291091}.Debug|iPhoneSimulator.ActiveCfg = Debug|iPhoneSimulator
		{BE40AC06-78D7-4B5E-9F6E-6F74D9291091}.Debug|iPhoneSimulator.Build.0 = Debug|iPhoneSimulator
		{BE40AC06-78D7-4B5E-9F6E-6F74D9291091}.Debug|iPhoneSimulator.Deploy.0 = Debug|iPhoneSimulator
		{BE40AC06-78D7-4B5E-9F6E-6F74D9291091}.Release|Any CPU.ActiveCfg = Release|iPhoneSimulator
		{BE40AC06-78D7-4B5E-9F6E-6F74D9291091}.Release|Any CPU.Build.0 = Release|iPhoneSimulator
		{BE40AC06-78D7-4B5E-9F6E-6F74D9291091}.Release|Any CPU.Deploy.0 = Release|iPhoneSimulator
		{BE40AC06-78D7-4B5E-9F6E-6F74D9291091}.Release|iPhone.ActiveCfg = Release|iPhone
		{BE40AC06-78D7-4B5E-9F6E-6F74D9291091}.Release|iPhone.Build.0 = Release|iPhone
		{BE40AC06-78D7-4B5E-9F6E-6F74D9291091}.Release|iPhone.Deploy.0 = Release|iPhone
		{BE40AC06-78D7-4B5E-9F6E-6F74D9291091}.Release|iPhoneSimulator.ActiveCfg = Release|iPhoneSimulator
		{BE40AC06-78D7-4B5E-9F6E-6F74D9291091}.Release|iPhoneSimulator.Build.0 = Release|iPhoneSimulator
		{BE40AC06-78D7-4B5E-9F6E-6F74D9291091}.Release|iPhoneSimulator.Deploy.0 = Release|iPhoneSimulator
		{EF710D45-4FBF-4222-B62C-E8192DD7CE7D}.Debug|Any CPU.ActiveCfg = Debug|Any CPU
		{EF710D45-4FBF-4222-B62C-E8192DD7CE7D}.Debug|Any CPU.Build.0 = Debug|Any CPU
		{EF710D45-4FBF-4222-B62C-E8192DD7CE7D}.Debug|Any CPU.Deploy.0 = Debug|Any CPU
		{EF710D45-4FBF-4222-B62C-E8192DD7CE7D}.Debug|iPhone.ActiveCfg = Debug|Any CPU
		{EF710D45-4FBF-4222-B62C-E8192DD7CE7D}.Debug|iPhone.Build.0 = Debug|Any CPU
		{EF710D45-4FBF-4222-B62C-E8192DD7CE7D}.Debug|iPhone.Deploy.0 = Debug|Any CPU
		{EF710D45-4FBF-4222-B62C-E8192DD7CE7D}.Debug|iPhoneSimulator.ActiveCfg = Debug|Any CPU
		{EF710D45-4FBF-4222-B62C-E8192DD7CE7D}.Debug|iPhoneSimulator.Build.0 = Debug|Any CPU
		{EF710D45-4FBF-4222-B62C-E8192DD7CE7D}.Debug|iPhoneSimulator.Deploy.0 = Debug|Any CPU
		{EF710D45-4FBF-4222-B62C-E8192DD7CE7D}.Release|Any CPU.ActiveCfg = Release|Any CPU
		{EF710D45-4FBF-4222-B62C-E8192DD7CE7D}.Release|Any CPU.Build.0 = Release|Any CPU
		{EF710D45-4FBF-4222-B62C-E8192DD7CE7D}.Release|Any CPU.Deploy.0 = Release|Any CPU
		{EF710D45-4FBF-4222-B62C-E8192DD7CE7D}.Release|iPhone.ActiveCfg = Release|Any CPU
		{EF710D45-4FBF-4222-B62C-E8192DD7CE7D}.Release|iPhone.Build.0 = Release|Any CPU
		{EF710D45-4FBF-4222-B62C-E8192DD7CE7D}.Release|iPhone.Deploy.0 = Release|Any CPU
		{EF710D45-4FBF-4222-B62C-E8192DD7CE7D}.Release|iPhoneSimulator.ActiveCfg = Release|Any CPU
		{EF710D45-4FBF-4222-B62C-E8192DD7CE7D}.Release|iPhoneSimulator.Build.0 = Release|Any CPU
		{EF710D45-4FBF-4222-B62C-E8192DD7CE7D}.Release|iPhoneSimulator.Deploy.0 = Release|Any CPU
	EndGlobalSection
	GlobalSection(SolutionProperties) = preSolution
		HideSolutionNode = FALSE
	EndGlobalSection
	GlobalSection(ExtensibilityGlobals) = postSolution
		SolutionGuid = {97622278-53C9-4DFE-A77D-2B6BED996E9C}
	EndGlobalSection
EndGlobal
